
Microsoft Visual Studio Solution File, Format Version 12.00
# Visual Studio Version 17
VisualStudioVersion = 17.5.002.0
MinimumVisualStudioVersion = 10.0.40219.1
Project("{9A19103F-16F7-4668-BE54-9A1E7A4F7556}") = "handson-serverless-validar-cpf", "handson-serverless-validar-cpf.csproj", "{E0C55BCD-B48F-40DE-962D-2548EF136976}"
EndProject
Global
	GlobalSection(SolutionConfigurationPlatforms) = preSolution
		Debug|Any CPU = Debug|Any CPU
		Release|Any CPU = Release|Any CPU
	EndGlobalSection
	GlobalSection(ProjectConfigurationPlatforms) = postSolution
		{E0C55BCD-B48F-40DE-962D-2548EF136976}.Debug|Any CPU.ActiveCfg = Debug|Any CPU
		{E0C55BCD-B48F-40DE-962D-2548EF136976}.Debug|Any CPU.Build.0 = Debug|Any CPU
		{E0C55BCD-B48F-40DE-962D-2548EF136976}.Release|Any CPU.ActiveCfg = Release|Any CPU
		{E0C55BCD-B48F-40DE-962D-2548EF136976}.Release|Any CPU.Build.0 = Release|Any CPU
	EndGlobalSection
	GlobalSection(SolutionProperties) = preSolution
		HideSolutionNode = FALSE
	EndGlobalSection
	GlobalSection(ExtensibilityGlobals) = postSolution
		SolutionGuid = {257610CF-8346-4606-A9D6-E00D6057AD77}
	EndGlobalSection
EndGlobal
